
Microsoft Visual Studio Solution File, Format Version 12.00
# Visual Studio Version 17
VisualStudioVersion = 17.0.32112.339
MinimumVisualStudioVersion = 10.0.40219.1
Project("{2150E333-8FDC-42A3-9474-1A3956D46DE8}") = "Solution Items", "Solution Items", "{1966B5A9-1770-49F8-B2F0-FDA135A7B972}"
	ProjectSection(SolutionItems) = preProject
		.editorconfig = .editorconfig
	EndProjectSection
EndProject
Project("{9A19103F-16F7-4668-BE54-9A1E7A4F7556}") = "Kalitte.Trading", "Kalitte.Trading\Kalitte.Trading.csproj", "{FAECB14A-99DF-4FD0-96C2-FEBD491FC18E}"
EndProject
Project("{9A19103F-16F7-4668-BE54-9A1E7A4F7556}") = "Kalitte.Trading.Host", "Kalitte.Trading.Host\Kalitte.Trading.Host.csproj", "{6D5D1163-AA27-4030-8B39-DCFE5EB05C45}"
EndProject
Global
	GlobalSection(SolutionConfigurationPlatforms) = preSolution
		Debug|Any CPU = Debug|Any CPU
		Release|Any CPU = Release|Any CPU
	EndGlobalSection
	GlobalSection(ProjectConfigurationPlatforms) = postSolution
		{FAECB14A-99DF-4FD0-96C2-FEBD491FC18E}.Debug|Any CPU.ActiveCfg = Debug|Any CPU
		{FAECB14A-99DF-4FD0-96C2-FEBD491FC18E}.Debug|Any CPU.Build.0 = Debug|Any CPU
		{FAECB14A-99DF-4FD0-96C2-FEBD491FC18E}.Release|Any CPU.ActiveCfg = Release|Any CPU
		{FAECB14A-99DF-4FD0-96C2-FEBD491FC18E}.Release|Any CPU.Build.0 = Release|Any CPU
		{6D5D1163-AA27-4030-8B39-DCFE5EB05C45}.Debug|Any CPU.ActiveCfg = Debug|Any CPU
		{6D5D1163-AA27-4030-8B39-DCFE5EB05C45}.Debug|Any CPU.Build.0 = Debug|Any CPU
		{6D5D1163-AA27-4030-8B39-DCFE5EB05C45}.Release|Any CPU.ActiveCfg = Release|Any CPU
		{6D5D1163-AA27-4030-8B39-DCFE5EB05C45}.Release|Any CPU.Build.0 = Release|Any CPU
	EndGlobalSection
	GlobalSection(SolutionProperties) = preSolution
		HideSolutionNode = FALSE
	EndGlobalSection
	GlobalSection(ExtensibilityGlobals) = postSolution
		SolutionGuid = {28216A05-A21A-45F9-A16F-F78A51D03A06}
	EndGlobalSection
EndGlobal
